
Microsoft Visual Studio Solution File, Format Version 12.00
# Visual Studio Version 16
VisualStudioVersion = 16.0.30611.23
MinimumVisualStudioVersion = 10.0.40219.1
Project("{FAE04EC0-301F-11D3-BF4B-00C04F79EFBC}") = "TheWizardAndTheFaeries", "TheWizardAndTheFaeries\TheWizardAndTheFaeries.csproj", "{50C45DA1-EF48-4C13-B616-DDF76B9120CB}"
EndProject
Global
	GlobalSection(SolutionConfigurationPlatforms) = preSolution
		Debug|Any CPU = Debug|Any CPU
		Release|Any CPU = Release|Any CPU
	EndGlobalSection
	GlobalSection(ProjectConfigurationPlatforms) = postSolution
		{50C45DA1-EF48-4C13-B616-DDF76B9120CB}.Debug|Any CPU.ActiveCfg = Debug|Any CPU
		{50C45DA1-EF48-4C13-B616-DDF76B9120CB}.Debug|Any CPU.Build.0 = Debug|Any CPU
		{50C45DA1-EF48-4C13-B616-DDF76B9120CB}.Release|Any CPU.ActiveCfg = Release|Any CPU
		{50C45DA1-EF48-4C13-B616-DDF76B9120CB}.Release|Any CPU.Build.0 = Release|Any CPU
	EndGlobalSection
	GlobalSection(SolutionProperties) = preSolution
		HideSolutionNode = FALSE
	EndGlobalSection
	GlobalSection(ExtensibilityGlobals) = postSolution
		SolutionGuid = {646E4C84-FC09-4B7B-93E9-C30EC00AB11E}
	EndGlobalSection
EndGlobal
